
Microsoft Visual Studio Solution File, Format Version 12.00
# Visual Studio Version 17
VisualStudioVersion = 17.4.33103.184
MinimumVisualStudioVersion = 10.0.40219.1
Project("{FAE04EC0-301F-11D3-BF4B-00C04F79EFBC}") = "webapi.event+.tarde", "webapi.event+.tarde.csproj", "{CF57D99F-125A-4DD9-8A1B-1643DBCDC7CE}"
EndProject
Global
	GlobalSection(SolutionConfigurationPlatforms) = preSolution
		Debug|Any CPU = Debug|Any CPU
		Release|Any CPU = Release|Any CPU
	EndGlobalSection
	GlobalSection(ProjectConfigurationPlatforms) = postSolution
		{CF57D99F-125A-4DD9-8A1B-1643DBCDC7CE}.Debug|Any CPU.ActiveCfg = Debug|Any CPU
		{CF57D99F-125A-4DD9-8A1B-1643DBCDC7CE}.Debug|Any CPU.Build.0 = Debug|Any CPU
		{CF57D99F-125A-4DD9-8A1B-1643DBCDC7CE}.Release|Any CPU.ActiveCfg = Release|Any CPU
		{CF57D99F-125A-4DD9-8A1B-1643DBCDC7CE}.Release|Any CPU.Build.0 = Release|Any CPU
	EndGlobalSection
	GlobalSection(SolutionProperties) = preSolution
		HideSolutionNode = FALSE
	EndGlobalSection
	GlobalSection(ExtensibilityGlobals) = postSolution
		SolutionGuid = {2C72AD1A-9909-4236-B93E-DC6EDC256464}
	EndGlobalSection
EndGlobal
